{
  "name": "scratchyfluffymatrix",
  "version": "1.0.0",
  "lockfileVersion": 2,
  "requires": true,
  "packages": {
    "": {
      "name": "scratchyfluffymatrix",
      "version": "1.0.0",
      "license": "ISC",
      "dependencies": {
        "catalan2ipa": "^1.0.1"
      }
    },
    "node_modules/catalan2ipa": {
      "version": "1.0.1",
      "resolved": "https://registry.npmjs.org/catalan2ipa/-/catalan2ipa-1.0.1.tgz",
      "integrity": "sha512-vc5+vdiHpo5wj8bmqZ43Oz+5w+Bd3QChOPQh3/1IFITRV4HzX5CzpnexJ+BwaRrlikJaLtGQstdq2Z9a5CTRGg=="
    }
  },
  "dependencies": {
    "catalan2ipa": {
      "version": "1.0.1",
      "resolved": "https://registry.npmjs.org/catalan2ipa/-/catalan2ipa-1.0.1.tgz",
      "integrity": "sha512-vc5+vdiHpo5wj8bmqZ43Oz+5w+Bd3QChOPQh3/1IFITRV4HzX5CzpnexJ+BwaRrlikJaLtGQstdq2Z9a5CTRGg=="
    }
  }
}
